
Microsoft Visual Studio Solution File, Format Version 12.00
# Visual Studio Version 16
VisualStudioVersion = 16.0.31025.194
MinimumVisualStudioVersion = 10.0.40219.1
Project("{2150E333-8FDC-42A3-9474-1A3956D46DE8}") = "Services", "Services", "{F63419F6-75D2-4EFA-B400-0B4E142FA1E9}"
EndProject
Project("{2150E333-8FDC-42A3-9474-1A3956D46DE8}") = "Basket", "Basket", "{FA2C3089-28E7-4CCE-83AF-8F603BB03B5F}"
EndProject
Project("{2150E333-8FDC-42A3-9474-1A3956D46DE8}") = "Catalog", "Catalog", "{4C917358-A12A-4A0D-92C6-628F5999A0EC}"
EndProject
Project("{9A19103F-16F7-4668-BE54-9A1E7A4F7556}") = "Basket.API", "src\Services\Basket\Basket.API\Basket.API.csproj", "{3DA12D09-1BEB-4E65-BABD-E5F9F5AF3F68}"
EndProject
Project("{9A19103F-16F7-4668-BE54-9A1E7A4F7556}") = "Catalog.API", "src\Services\Catalog\Catalog.API\Catalog.API.csproj", "{5E0F5624-65CD-44B6-8CB0-4DD581CE07CF}"
EndProject
Project("{E53339B2-1760-4266-BCC7-CA923CBCF16C}") = "docker-compose", "docker-compose.dcproj", "{5AFDD75E-3134-4BB2-9B6B-5C65CBBD9FEA}"
EndProject
Project("{2150E333-8FDC-42A3-9474-1A3956D46DE8}") = "Discount", "Discount", "{8128DD42-1F28-4E85-AD02-B8D05DA67F96}"
EndProject
Project("{9A19103F-16F7-4668-BE54-9A1E7A4F7556}") = "Discount.API", "src\Services\Discount\Discount.API\Discount.API.csproj", "{982D0A09-A5E7-49FE-B4FB-1BB90E2356DD}"
EndProject
Project("{9A19103F-16F7-4668-BE54-9A1E7A4F7556}") = "Discount.Grpc", "src\Services\Discount\Discount.Grpc\Discount.Grpc.csproj", "{B05EE550-0DAC-42B0-99C1-A5B2E412B877}"
EndProject
Project("{2150E333-8FDC-42A3-9474-1A3956D46DE8}") = "Ordering", "Ordering", "{AD4355AD-B30D-4F87-9A91-7E3623913350}"
EndProject
Project("{FAE04EC0-301F-11D3-BF4B-00C04F79EFBC}") = "Ordering.API", "src\Services\Ordering\Ordering.API\Ordering.API.csproj", "{DEA8FDDA-BF55-447B-9C9C-3AB2E9199E67}"
EndProject
Global
	GlobalSection(SolutionConfigurationPlatforms) = preSolution
		Debug|Any CPU = Debug|Any CPU
		Release|Any CPU = Release|Any CPU
	EndGlobalSection
	GlobalSection(ProjectConfigurationPlatforms) = postSolution
		{3DA12D09-1BEB-4E65-BABD-E5F9F5AF3F68}.Debug|Any CPU.ActiveCfg = Debug|Any CPU
		{3DA12D09-1BEB-4E65-BABD-E5F9F5AF3F68}.Debug|Any CPU.Build.0 = Debug|Any CPU
		{3DA12D09-1BEB-4E65-BABD-E5F9F5AF3F68}.Release|Any CPU.ActiveCfg = Release|Any CPU
		{3DA12D09-1BEB-4E65-BABD-E5F9F5AF3F68}.Release|Any CPU.Build.0 = Release|Any CPU
		{5E0F5624-65CD-44B6-8CB0-4DD581CE07CF}.Debug|Any CPU.ActiveCfg = Debug|Any CPU
		{5E0F5624-65CD-44B6-8CB0-4DD581CE07CF}.Debug|Any CPU.Build.0 = Debug|Any CPU
		{5E0F5624-65CD-44B6-8CB0-4DD581CE07CF}.Release|Any CPU.ActiveCfg = Release|Any CPU
		{5E0F5624-65CD-44B6-8CB0-4DD581CE07CF}.Release|Any CPU.Build.0 = Release|Any CPU
		{5AFDD75E-3134-4BB2-9B6B-5C65CBBD9FEA}.Debug|Any CPU.ActiveCfg = Debug|Any CPU
		{5AFDD75E-3134-4BB2-9B6B-5C65CBBD9FEA}.Debug|Any CPU.Build.0 = Debug|Any CPU
		{5AFDD75E-3134-4BB2-9B6B-5C65CBBD9FEA}.Release|Any CPU.ActiveCfg = Release|Any CPU
		{5AFDD75E-3134-4BB2-9B6B-5C65CBBD9FEA}.Release|Any CPU.Build.0 = Release|Any CPU
		{982D0A09-A5E7-49FE-B4FB-1BB90E2356DD}.Debug|Any CPU.ActiveCfg = Debug|Any CPU
		{982D0A09-A5E7-49FE-B4FB-1BB90E2356DD}.Debug|Any CPU.Build.0 = Debug|Any CPU
		{982D0A09-A5E7-49FE-B4FB-1BB90E2356DD}.Release|Any CPU.ActiveCfg = Release|Any CPU
		{982D0A09-A5E7-49FE-B4FB-1BB90E2356DD}.Release|Any CPU.Build.0 = Release|Any CPU
		{B05EE550-0DAC-42B0-99C1-A5B2E412B877}.Debug|Any CPU.ActiveCfg = Debug|Any CPU
		{B05EE550-0DAC-42B0-99C1-A5B2E412B877}.Debug|Any CPU.Build.0 = Debug|Any CPU
		{B05EE550-0DAC-42B0-99C1-A5B2E412B877}.Release|Any CPU.ActiveCfg = Release|Any CPU
		{B05EE550-0DAC-42B0-99C1-A5B2E412B877}.Release|Any CPU.Build.0 = Release|Any CPU
		{DEA8FDDA-BF55-447B-9C9C-3AB2E9199E67}.Debug|Any CPU.ActiveCfg = Debug|Any CPU
		{DEA8FDDA-BF55-447B-9C9C-3AB2E9199E67}.Debug|Any CPU.Build.0 = Debug|Any CPU
		{DEA8FDDA-BF55-447B-9C9C-3AB2E9199E67}.Release|Any CPU.ActiveCfg = Release|Any CPU
		{DEA8FDDA-BF55-447B-9C9C-3AB2E9199E67}.Release|Any CPU.Build.0 = Release|Any CPU
	EndGlobalSection
	GlobalSection(SolutionProperties) = preSolution
		HideSolutionNode = FALSE
	EndGlobalSection
	GlobalSection(NestedProjects) = preSolution
		{FA2C3089-28E7-4CCE-83AF-8F603BB03B5F} = {F63419F6-75D2-4EFA-B400-0B4E142FA1E9}
		{4C917358-A12A-4A0D-92C6-628F5999A0EC} = {F63419F6-75D2-4EFA-B400-0B4E142FA1E9}
		{3DA12D09-1BEB-4E65-BABD-E5F9F5AF3F68} = {FA2C3089-28E7-4CCE-83AF-8F603BB03B5F}
		{5E0F5624-65CD-44B6-8CB0-4DD581CE07CF} = {4C917358-A12A-4A0D-92C6-628F5999A0EC}
		{8128DD42-1F28-4E85-AD02-B8D05DA67F96} = {F63419F6-75D2-4EFA-B400-0B4E142FA1E9}
		{982D0A09-A5E7-49FE-B4FB-1BB90E2356DD} = {8128DD42-1F28-4E85-AD02-B8D05DA67F96}
		{B05EE550-0DAC-42B0-99C1-A5B2E412B877} = {8128DD42-1F28-4E85-AD02-B8D05DA67F96}
		{AD4355AD-B30D-4F87-9A91-7E3623913350} = {F63419F6-75D2-4EFA-B400-0B4E142FA1E9}
		{DEA8FDDA-BF55-447B-9C9C-3AB2E9199E67} = {AD4355AD-B30D-4F87-9A91-7E3623913350}
	EndGlobalSection
	GlobalSection(ExtensibilityGlobals) = postSolution
		SolutionGuid = {8FC5BF50-6ECE-40B1-984F-EC9284509035}
	EndGlobalSection
EndGlobal
